
Microsoft Visual Studio Solution File, Format Version 12.00
# Visual Studio Version 17
VisualStudioVersion = 17.0.31903.59
MinimumVisualStudioVersion = 10.0.40219.1
Project("{2150E333-8FDC-42A3-9474-1A3956D46DE8}") = "Services", "Services", "{5854FF58-B8C5-05C6-5BF2-ACE42193F22B}"
EndProject
Project("{2150E333-8FDC-42A3-9474-1A3956D46DE8}") = "FlowStock.Usermanagement", "FlowStock.Usermanagement", "{D4F0A1A3-1EF9-4377-B2FF-95E8762FC830}"
EndProject
Project("{FAE04EC0-301F-11D3-BF4B-00C04F79EFBC}") = "Usermanagement.Api", "Services\FlowStock.Usermanagement\Usermanagement.Api\Usermanagement.Api.csproj", "{961C0356-FDD9-4B08-AAB3-48337D65A5E3}"
EndProject
Project("{FAE04EC0-301F-11D3-BF4B-00C04F79EFBC}") = "Usermanagement.Application", "Services\FlowStock.Usermanagement\Usermanagement.Application\Usermanagement.Application.csproj", "{6A73DBD5-52A3-4B86-ABEE-3E4B09E159CA}"
EndProject
Project("{FAE04EC0-301F-11D3-BF4B-00C04F79EFBC}") = "Usermanagement.Domain", "Services\FlowStock.Usermanagement\Usermanagement.Domain\Usermanagement.Domain.csproj", "{00A1BDC2-921B-43EF-B6B1-79D5FD6B9B66}"
EndProject
Project("{FAE04EC0-301F-11D3-BF4B-00C04F79EFBC}") = "Usermanagement.Infrastructure", "Services\FlowStock.Usermanagement\Usermanagement.Infrastructure\Usermanagement.Infrastructure.csproj", "{349D42D2-37C4-4A97-90A4-BDB460693927}"
EndProject
Project("{2150E333-8FDC-42A3-9474-1A3956D46DE8}") = "FlowStock.Stock", "FlowStock.Stock", "{14E966A4-7087-0BE9-9AD7-DF9F91A2F8DE}"
EndProject
Project("{FAE04EC0-301F-11D3-BF4B-00C04F79EFBC}") = "Stock.Domain", "Services\FlowStock.Stock\Stock.Domain\Stock.Domain.csproj", "{AF2FE2C5-10A0-4708-8AC9-430B6B143ED7}"
EndProject
Project("{FAE04EC0-301F-11D3-BF4B-00C04F79EFBC}") = "Stock.Application", "Services\FlowStock.Stock\Stock.Application\Stock.Application.csproj", "{ADB36D86-A919-448B-9FC5-700F5D768137}"
EndProject
Project("{FAE04EC0-301F-11D3-BF4B-00C04F79EFBC}") = "Stock.Infrastructure", "Services\FlowStock.Stock\Stock.Infrastructure\Stock.Infrastructure.csproj", "{432BA11F-B4B9-4F14-8A8C-CB87268E8EE4}"
EndProject
Project("{FAE04EC0-301F-11D3-BF4B-00C04F79EFBC}") = "Stock.Api", "Services\FlowStock.Stock\Stock.Api\Stock.Api.csproj", "{85D5C4B2-4D19-4CEE-AC37-17A3D5E9AEDE}"
EndProject
Project("{2150E333-8FDC-42A3-9474-1A3956D46DE8}") = "FlowStock.BuildingBlocks", "FlowStock.BuildingBlocks", "{14705E7B-147E-3524-EB6D-0654CD658299}"
EndProject
Project("{FAE04EC0-301F-11D3-BF4B-00C04F79EFBC}") = "BuildingBlocks.Application", "Services\FlowStock.BuildingBlocks\BuildingBlocks.Application\BuildingBlocks.Application.csproj", "{A6478C7A-9A94-4353-A95C-44A639076DBC}"
EndProject
Project("{FAE04EC0-301F-11D3-BF4B-00C04F79EFBC}") = "BuildingBlocks.Domain", "Services\FlowStock.BuildingBlocks\BuildingBlocks.Domain\BuildingBlocks.Domain.csproj", "{8A138BB0-D1DA-47DB-BC82-44E37D63D61D}"
EndProject
Project("{FAE04EC0-301F-11D3-BF4B-00C04F79EFBC}") = "BuildingBlocks.Contracts", "Services\FlowStock.BuildingBlocks\BuildingBlocks.Contracts\BuildingBlocks.Contracts.csproj", "{335018BD-3948-441C-918D-C7C62179C86C}"
EndProject
Project("{2150E333-8FDC-42A3-9474-1A3956D46DE8}") = "Tests", "Tests", "{0AB3BF05-4346-4AA6-1389-037BE0695223}"
EndProject
Project("{2150E333-8FDC-42A3-9474-1A3956D46DE8}") = "FlowStock.Stock", "FlowStock.Stock", "{F80260BB-517C-F60E-8BEB-0191F4EEE68C}"
EndProject
Project("{FAE04EC0-301F-11D3-BF4B-00C04F79EFBC}") = "Stock.Application.UnitTests", "Tests\FlowStock.Stock\Stock.Application.UnitTests\Stock.Application.UnitTests.csproj", "{7245ECD1-BEC7-402E-AE15-72AAD1D7286F}"
EndProject
Global
	GlobalSection(SolutionConfigurationPlatforms) = preSolution
		Debug|Any CPU = Debug|Any CPU
		Debug|x64 = Debug|x64
		Debug|x86 = Debug|x86
		Release|Any CPU = Release|Any CPU
		Release|x64 = Release|x64
		Release|x86 = Release|x86
	EndGlobalSection
	GlobalSection(ProjectConfigurationPlatforms) = postSolution
		{961C0356-FDD9-4B08-AAB3-48337D65A5E3}.Debug|Any CPU.ActiveCfg = Debug|Any CPU
		{961C0356-FDD9-4B08-AAB3-48337D65A5E3}.Debug|Any CPU.Build.0 = Debug|Any CPU
		{961C0356-FDD9-4B08-AAB3-48337D65A5E3}.Debug|x64.ActiveCfg = Debug|Any CPU
		{961C0356-FDD9-4B08-AAB3-48337D65A5E3}.Debug|x64.Build.0 = Debug|Any CPU
		{961C0356-FDD9-4B08-AAB3-48337D65A5E3}.Debug|x86.ActiveCfg = Debug|Any CPU
		{961C0356-FDD9-4B08-AAB3-48337D65A5E3}.Debug|x86.Build.0 = Debug|Any CPU
		{961C0356-FDD9-4B08-AAB3-48337D65A5E3}.Release|Any CPU.ActiveCfg = Release|Any CPU
		{961C0356-FDD9-4B08-AAB3-48337D65A5E3}.Release|Any CPU.Build.0 = Release|Any CPU
		{961C0356-FDD9-4B08-AAB3-48337D65A5E3}.Release|x64.ActiveCfg = Release|Any CPU
		{961C0356-FDD9-4B08-AAB3-48337D65A5E3}.Release|x64.Build.0 = Release|Any CPU
		{961C0356-FDD9-4B08-AAB3-48337D65A5E3}.Release|x86.ActiveCfg = Release|Any CPU
		{961C0356-FDD9-4B08-AAB3-48337D65A5E3}.Release|x86.Build.0 = Release|Any CPU
		{6A73DBD5-52A3-4B86-ABEE-3E4B09E159CA}.Debug|Any CPU.ActiveCfg = Debug|Any CPU
		{6A73DBD5-52A3-4B86-ABEE-3E4B09E159CA}.Debug|Any CPU.Build.0 = Debug|Any CPU
		{6A73DBD5-52A3-4B86-ABEE-3E4B09E159CA}.Debug|x64.ActiveCfg = Debug|Any CPU
		{6A73DBD5-52A3-4B86-ABEE-3E4B09E159CA}.Debug|x64.Build.0 = Debug|Any CPU
		{6A73DBD5-52A3-4B86-ABEE-3E4B09E159CA}.Debug|x86.ActiveCfg = Debug|Any CPU
		{6A73DBD5-52A3-4B86-ABEE-3E4B09E159CA}.Debug|x86.Build.0 = Debug|Any CPU
		{6A73DBD5-52A3-4B86-ABEE-3E4B09E159CA}.Release|Any CPU.ActiveCfg = Release|Any CPU
		{6A73DBD5-52A3-4B86-ABEE-3E4B09E159CA}.Release|Any CPU.Build.0 = Release|Any CPU
		{6A73DBD5-52A3-4B86-ABEE-3E4B09E159CA}.Release|x64.ActiveCfg = Release|Any CPU
		{6A73DBD5-52A3-4B86-ABEE-3E4B09E159CA}.Release|x64.Build.0 = Release|Any CPU
		{6A73DBD5-52A3-4B86-ABEE-3E4B09E159CA}.Release|x86.ActiveCfg = Release|Any CPU
		{6A73DBD5-52A3-4B86-ABEE-3E4B09E159CA}.Release|x86.Build.0 = Release|Any CPU
		{00A1BDC2-921B-43EF-B6B1-79D5FD6B9B66}.Debug|Any CPU.ActiveCfg = Debug|Any CPU
		{00A1BDC2-921B-43EF-B6B1-79D5FD6B9B66}.Debug|Any CPU.Build.0 = Debug|Any CPU
		{00A1BDC2-921B-43EF-B6B1-79D5FD6B9B66}.Debug|x64.ActiveCfg = Debug|Any CPU
		{00A1BDC2-921B-43EF-B6B1-79D5FD6B9B66}.Debug|x64.Build.0 = Debug|Any CPU
		{00A1BDC2-921B-43EF-B6B1-79D5FD6B9B66}.Debug|x86.ActiveCfg = Debug|Any CPU
		{00A1BDC2-921B-43EF-B6B1-79D5FD6B9B66}.Debug|x86.Build.0 = Debug|Any CPU
		{00A1BDC2-921B-43EF-B6B1-79D5FD6B9B66}.Release|Any CPU.ActiveCfg = Release|Any CPU
		{00A1BDC2-921B-43EF-B6B1-79D5FD6B9B66}.Release|Any CPU.Build.0 = Release|Any CPU
		{00A1BDC2-921B-43EF-B6B1-79D5FD6B9B66}.Release|x64.ActiveCfg = Release|Any CPU
		{00A1BDC2-921B-43EF-B6B1-79D5FD6B9B66}.Release|x64.Build.0 = Release|Any CPU
		{00A1BDC2-921B-43EF-B6B1-79D5FD6B9B66}.Release|x86.ActiveCfg = Release|Any CPU
		{00A1BDC2-921B-43EF-B6B1-79D5FD6B9B66}.Release|x86.Build.0 = Release|Any CPU
		{349D42D2-37C4-4A97-90A4-BDB460693927}.Debug|Any CPU.ActiveCfg = Debug|Any CPU
		{349D42D2-37C4-4A97-90A4-BDB460693927}.Debug|Any CPU.Build.0 = Debug|Any CPU
		{349D42D2-37C4-4A97-90A4-BDB460693927}.Debug|x64.ActiveCfg = Debug|Any CPU
		{349D42D2-37C4-4A97-90A4-BDB460693927}.Debug|x64.Build.0 = Debug|Any CPU
		{349D42D2-37C4-4A97-90A4-BDB460693927}.Debug|x86.ActiveCfg = Debug|Any CPU
		{349D42D2-37C4-4A97-90A4-BDB460693927}.Debug|x86.Build.0 = Debug|Any CPU
		{349D42D2-37C4-4A97-90A4-BDB460693927}.Release|Any CPU.ActiveCfg = Release|Any CPU
		{349D42D2-37C4-4A97-90A4-BDB460693927}.Release|Any CPU.Build.0 = Release|Any CPU
		{349D42D2-37C4-4A97-90A4-BDB460693927}.Release|x64.ActiveCfg = Release|Any CPU
		{349D42D2-37C4-4A97-90A4-BDB460693927}.Release|x64.Build.0 = Release|Any CPU
		{349D42D2-37C4-4A97-90A4-BDB460693927}.Release|x86.ActiveCfg = Release|Any CPU
		{349D42D2-37C4-4A97-90A4-BDB460693927}.Release|x86.Build.0 = Release|Any CPU
		{AF2FE2C5-10A0-4708-8AC9-430B6B143ED7}.Debug|Any CPU.ActiveCfg = Debug|Any CPU
		{AF2FE2C5-10A0-4708-8AC9-430B6B143ED7}.Debug|Any CPU.Build.0 = Debug|Any CPU
		{AF2FE2C5-10A0-4708-8AC9-430B6B143ED7}.Debug|x64.ActiveCfg = Debug|Any CPU
		{AF2FE2C5-10A0-4708-8AC9-430B6B143ED7}.Debug|x64.Build.0 = Debug|Any CPU
		{AF2FE2C5-10A0-4708-8AC9-430B6B143ED7}.Debug|x86.ActiveCfg = Debug|Any CPU
		{AF2FE2C5-10A0-4708-8AC9-430B6B143ED7}.Debug|x86.Build.0 = Debug|Any CPU
		{AF2FE2C5-10A0-4708-8AC9-430B6B143ED7}.Release|Any CPU.ActiveCfg = Release|Any CPU
		{AF2FE2C5-10A0-4708-8AC9-430B6B143ED7}.Release|Any CPU.Build.0 = Release|Any CPU
		{AF2FE2C5-10A0-4708-8AC9-430B6B143ED7}.Release|x64.ActiveCfg = Release|Any CPU
		{AF2FE2C5-10A0-4708-8AC9-430B6B143ED7}.Release|x64.Build.0 = Release|Any CPU
		{AF2FE2C5-10A0-4708-8AC9-430B6B143ED7}.Release|x86.ActiveCfg = Release|Any CPU
		{AF2FE2C5-10A0-4708-8AC9-430B6B143ED7}.Release|x86.Build.0 = Release|Any CPU
		{ADB36D86-A919-448B-9FC5-700F5D768137}.Debug|Any CPU.ActiveCfg = Debug|Any CPU
		{ADB36D86-A919-448B-9FC5-700F5D768137}.Debug|Any CPU.Build.0 = Debug|Any CPU
		{ADB36D86-A919-448B-9FC5-700F5D768137}.Debug|x64.ActiveCfg = Debug|Any CPU
		{ADB36D86-A919-448B-9FC5-700F5D768137}.Debug|x64.Build.0 = Debug|Any CPU
		{ADB36D86-A919-448B-9FC5-700F5D768137}.Debug|x86.ActiveCfg = Debug|Any CPU
		{ADB36D86-A919-448B-9FC5-700F5D768137}.Debug|x86.Build.0 = Debug|Any CPU
		{ADB36D86-A919-448B-9FC5-700F5D768137}.Release|Any CPU.ActiveCfg = Release|Any CPU
		{ADB36D86-A919-448B-9FC5-700F5D768137}.Release|Any CPU.Build.0 = Release|Any CPU
		{ADB36D86-A919-448B-9FC5-700F5D768137}.Release|x64.ActiveCfg = Release|Any CPU
		{ADB36D86-A919-448B-9FC5-700F5D768137}.Release|x64.Build.0 = Release|Any CPU
		{ADB36D86-A919-448B-9FC5-700F5D768137}.Release|x86.ActiveCfg = Release|Any CPU
		{ADB36D86-A919-448B-9FC5-700F5D768137}.Release|x86.Build.0 = Release|Any CPU
		{432BA11F-B4B9-4F14-8A8C-CB87268E8EE4}.Debug|Any CPU.ActiveCfg = Debug|Any CPU
		{432BA11F-B4B9-4F14-8A8C-CB87268E8EE4}.Debug|Any CPU.Build.0 = Debug|Any CPU
		{432BA11F-B4B9-4F14-8A8C-CB87268E8EE4}.Debug|x64.ActiveCfg = Debug|Any CPU
		{432BA11F-B4B9-4F14-8A8C-CB87268E8EE4}.Debug|x64.Build.0 = Debug|Any CPU
		{432BA11F-B4B9-4F14-8A8C-CB87268E8EE4}.Debug|x86.ActiveCfg = Debug|Any CPU
		{432BA11F-B4B9-4F14-8A8C-CB87268E8EE4}.Debug|x86.Build.0 = Debug|Any CPU
		{432BA11F-B4B9-4F14-8A8C-CB87268E8EE4}.Release|Any CPU.ActiveCfg = Release|Any CPU
		{432BA11F-B4B9-4F14-8A8C-CB87268E8EE4}.Release|Any CPU.Build.0 = Release|Any CPU
		{432BA11F-B4B9-4F14-8A8C-CB87268E8EE4}.Release|x64.ActiveCfg = Release|Any CPU
		{432BA11F-B4B9-4F14-8A8C-CB87268E8EE4}.Release|x64.Build.0 = Release|Any CPU
		{432BA11F-B4B9-4F14-8A8C-CB87268E8EE4}.Release|x86.ActiveCfg = Release|Any CPU
		{432BA11F-B4B9-4F14-8A8C-CB87268E8EE4}.Release|x86.Build.0 = Release|Any CPU
		{85D5C4B2-4D19-4CEE-AC37-17A3D5E9AEDE}.Debug|Any CPU.ActiveCfg = Debug|Any CPU
		{85D5C4B2-4D19-4CEE-AC37-17A3D5E9AEDE}.Debug|Any CPU.Build.0 = Debug|Any CPU
		{85D5C4B2-4D19-4CEE-AC37-17A3D5E9AEDE}.Debug|x64.ActiveCfg = Debug|Any CPU
		{85D5C4B2-4D19-4CEE-AC37-17A3D5E9AEDE}.Debug|x64.Build.0 = Debug|Any CPU
		{85D5C4B2-4D19-4CEE-AC37-17A3D5E9AEDE}.Debug|x86.ActiveCfg = Debug|Any CPU
		{85D5C4B2-4D19-4CEE-AC37-17A3D5E9AEDE}.Debug|x86.Build.0 = Debug|Any CPU
		{85D5C4B2-4D19-4CEE-AC37-17A3D5E9AEDE}.Release|Any CPU.ActiveCfg = Release|Any CPU
		{85D5C4B2-4D19-4CEE-AC37-17A3D5E9AEDE}.Release|Any CPU.Build.0 = Release|Any CPU
		{85D5C4B2-4D19-4CEE-AC37-17A3D5E9AEDE}.Release|x64.ActiveCfg = Release|Any CPU
		{85D5C4B2-4D19-4CEE-AC37-17A3D5E9AEDE}.Release|x64.Build.0 = Release|Any CPU
		{85D5C4B2-4D19-4CEE-AC37-17A3D5E9AEDE}.Release|x86.ActiveCfg = Release|Any CPU
		{85D5C4B2-4D19-4CEE-AC37-17A3D5E9AEDE}.Release|x86.Build.0 = Release|Any CPU
		{A6478C7A-9A94-4353-A95C-44A639076DBC}.Debug|Any CPU.ActiveCfg = Debug|Any CPU
		{A6478C7A-9A94-4353-A95C-44A639076DBC}.Debug|Any CPU.Build.0 = Debug|Any CPU
		{A6478C7A-9A94-4353-A95C-44A639076DBC}.Debug|x64.ActiveCfg = Debug|Any CPU
		{A6478C7A-9A94-4353-A95C-44A639076DBC}.Debug|x64.Build.0 = Debug|Any CPU
		{A6478C7A-9A94-4353-A95C-44A639076DBC}.Debug|x86.ActiveCfg = Debug|Any CPU
		{A6478C7A-9A94-4353-A95C-44A639076DBC}.Debug|x86.Build.0 = Debug|Any CPU
		{A6478C7A-9A94-4353-A95C-44A639076DBC}.Release|Any CPU.ActiveCfg = Release|Any CPU
		{A6478C7A-9A94-4353-A95C-44A639076DBC}.Release|Any CPU.Build.0 = Release|Any CPU
		{A6478C7A-9A94-4353-A95C-44A639076DBC}.Release|x64.ActiveCfg = Release|Any CPU
		{A6478C7A-9A94-4353-A95C-44A639076DBC}.Release|x64.Build.0 = Release|Any CPU
		{A6478C7A-9A94-4353-A95C-44A639076DBC}.Release|x86.ActiveCfg = Release|Any CPU
		{A6478C7A-9A94-4353-A95C-44A639076DBC}.Release|x86.Build.0 = Release|Any CPU
		{8A138BB0-D1DA-47DB-BC82-44E37D63D61D}.Debug|Any CPU.ActiveCfg = Debug|Any CPU
		{8A138BB0-D1DA-47DB-BC82-44E37D63D61D}.Debug|Any CPU.Build.0 = Debug|Any CPU
		{8A138BB0-D1DA-47DB-BC82-44E37D63D61D}.Debug|x64.ActiveCfg = Debug|Any CPU
		{8A138BB0-D1DA-47DB-BC82-44E37D63D61D}.Debug|x64.Build.0 = Debug|Any CPU
		{8A138BB0-D1DA-47DB-BC82-44E37D63D61D}.Debug|x86.ActiveCfg = Debug|Any CPU
		{8A138BB0-D1DA-47DB-BC82-44E37D63D61D}.Debug|x86.Build.0 = Debug|Any CPU
		{8A138BB0-D1DA-47DB-BC82-44E37D63D61D}.Release|Any CPU.ActiveCfg = Release|Any CPU
		{8A138BB0-D1DA-47DB-BC82-44E37D63D61D}.Release|Any CPU.Build.0 = Release|Any CPU
		{8A138BB0-D1DA-47DB-BC82-44E37D63D61D}.Release|x64.ActiveCfg = Release|Any CPU
		{8A138BB0-D1DA-47DB-BC82-44E37D63D61D}.Release|x64.Build.0 = Release|Any CPU
		{8A138BB0-D1DA-47DB-BC82-44E37D63D61D}.Release|x86.ActiveCfg = Release|Any CPU
		{8A138BB0-D1DA-47DB-BC82-44E37D63D61D}.Release|x86.Build.0 = Release|Any CPU
		{335018BD-3948-441C-918D-C7C62179C86C}.Debug|Any CPU.ActiveCfg = Debug|Any CPU
		{335018BD-3948-441C-918D-C7C62179C86C}.Debug|Any CPU.Build.0 = Debug|Any CPU
		{335018BD-3948-441C-918D-C7C62179C86C}.Debug|x64.ActiveCfg = Debug|Any CPU
		{335018BD-3948-441C-918D-C7C62179C86C}.Debug|x64.Build.0 = Debug|Any CPU
		{335018BD-3948-441C-918D-C7C62179C86C}.Debug|x86.ActiveCfg = Debug|Any CPU
		{335018BD-3948-441C-918D-C7C62179C86C}.Debug|x86.Build.0 = Debug|Any CPU
		{335018BD-3948-441C-918D-C7C62179C86C}.Release|Any CPU.ActiveCfg = Release|Any CPU
		{335018BD-3948-441C-918D-C7C62179C86C}.Release|Any CPU.Build.0 = Release|Any CPU
		{335018BD-3948-441C-918D-C7C62179C86C}.Release|x64.ActiveCfg = Release|Any CPU
		{335018BD-3948-441C-918D-C7C62179C86C}.Release|x64.Build.0 = Release|Any CPU
		{335018BD-3948-441C-918D-C7C62179C86C}.Release|x86.ActiveCfg = Release|Any CPU
		{335018BD-3948-441C-918D-C7C62179C86C}.Release|x86.Build.0 = Release|Any CPU
		{7245ECD1-BEC7-402E-AE15-72AAD1D7286F}.Debug|Any CPU.ActiveCfg = Debug|Any CPU
		{7245ECD1-BEC7-402E-AE15-72AAD1D7286F}.Debug|Any CPU.Build.0 = Debug|Any CPU
		{7245ECD1-BEC7-402E-AE15-72AAD1D7286F}.Debug|x64.ActiveCfg = Debug|Any CPU
		{7245ECD1-BEC7-402E-AE15-72AAD1D7286F}.Debug|x64.Build.0 = Debug|Any CPU
		{7245ECD1-BEC7-402E-AE15-72AAD1D7286F}.Debug|x86.ActiveCfg = Debug|Any CPU
		{7245ECD1-BEC7-402E-AE15-72AAD1D7286F}.Debug|x86.Build.0 = Debug|Any CPU
		{7245ECD1-BEC7-402E-AE15-72AAD1D7286F}.Release|Any CPU.ActiveCfg = Release|Any CPU
		{7245ECD1-BEC7-402E-AE15-72AAD1D7286F}.Release|Any CPU.Build.0 = Release|Any CPU
		{7245ECD1-BEC7-402E-AE15-72AAD1D7286F}.Release|x64.ActiveCfg = Release|Any CPU
		{7245ECD1-BEC7-402E-AE15-72AAD1D7286F}.Release|x64.Build.0 = Release|Any CPU
		{7245ECD1-BEC7-402E-AE15-72AAD1D7286F}.Release|x86.ActiveCfg = Release|Any CPU
		{7245ECD1-BEC7-402E-AE15-72AAD1D7286F}.Release|x86.Build.0 = Release|Any CPU
	EndGlobalSection
	GlobalSection(SolutionProperties) = preSolution
		HideSolutionNode = FALSE
	EndGlobalSection
	GlobalSection(NestedProjects) = preSolution
		{D4F0A1A3-1EF9-4377-B2FF-95E8762FC830} = {5854FF58-B8C5-05C6-5BF2-ACE42193F22B}
		{961C0356-FDD9-4B08-AAB3-48337D65A5E3} = {D4F0A1A3-1EF9-4377-B2FF-95E8762FC830}
		{6A73DBD5-52A3-4B86-ABEE-3E4B09E159CA} = {D4F0A1A3-1EF9-4377-B2FF-95E8762FC830}
		{00A1BDC2-921B-43EF-B6B1-79D5FD6B9B66} = {D4F0A1A3-1EF9-4377-B2FF-95E8762FC830}
		{349D42D2-37C4-4A97-90A4-BDB460693927} = {D4F0A1A3-1EF9-4377-B2FF-95E8762FC830}
		{14E966A4-7087-0BE9-9AD7-DF9F91A2F8DE} = {5854FF58-B8C5-05C6-5BF2-ACE42193F22B}
		{AF2FE2C5-10A0-4708-8AC9-430B6B143ED7} = {14E966A4-7087-0BE9-9AD7-DF9F91A2F8DE}
		{ADB36D86-A919-448B-9FC5-700F5D768137} = {14E966A4-7087-0BE9-9AD7-DF9F91A2F8DE}
		{432BA11F-B4B9-4F14-8A8C-CB87268E8EE4} = {14E966A4-7087-0BE9-9AD7-DF9F91A2F8DE}
		{85D5C4B2-4D19-4CEE-AC37-17A3D5E9AEDE} = {14E966A4-7087-0BE9-9AD7-DF9F91A2F8DE}
		{14705E7B-147E-3524-EB6D-0654CD658299} = {5854FF58-B8C5-05C6-5BF2-ACE42193F22B}
		{A6478C7A-9A94-4353-A95C-44A639076DBC} = {14705E7B-147E-3524-EB6D-0654CD658299}
		{8A138BB0-D1DA-47DB-BC82-44E37D63D61D} = {14705E7B-147E-3524-EB6D-0654CD658299}
		{335018BD-3948-441C-918D-C7C62179C86C} = {14705E7B-147E-3524-EB6D-0654CD658299}
		{F80260BB-517C-F60E-8BEB-0191F4EEE68C} = {0AB3BF05-4346-4AA6-1389-037BE0695223}
		{7245ECD1-BEC7-402E-AE15-72AAD1D7286F} = {F80260BB-517C-F60E-8BEB-0191F4EEE68C}
	EndGlobalSection
EndGlobal
